
Microsoft Visual Studio Solution File, Format Version 12.00
Project("{FAE04EC0-301F-11D3-BF4B-00C04F79EFBC}") = "PrimeNumbers", "PrimeNumbers\PrimeNumbers.csproj", "{609AABDC-AABE-464D-A536-5CB59FA84628}"
EndProject
Global
	GlobalSection(SolutionConfigurationPlatforms) = preSolution
		Debug|Any CPU = Debug|Any CPU
		Release|Any CPU = Release|Any CPU
	EndGlobalSection
	GlobalSection(ProjectConfigurationPlatforms) = postSolution
		{609AABDC-AABE-464D-A536-5CB59FA84628}.Debug|Any CPU.ActiveCfg = Debug|Any CPU
		{609AABDC-AABE-464D-A536-5CB59FA84628}.Debug|Any CPU.Build.0 = Debug|Any CPU
		{609AABDC-AABE-464D-A536-5CB59FA84628}.Release|Any CPU.ActiveCfg = Release|Any CPU
		{609AABDC-AABE-464D-A536-5CB59FA84628}.Release|Any CPU.Build.0 = Release|Any CPU
	EndGlobalSection
EndGlobal
