
Microsoft Visual Studio Solution File, Format Version 12.00
Project("{FAE04EC0-301F-11D3-BF4B-00C04F79EFBC}") = "Oop7Class", "Oop7Class\Oop7Class.csproj", "{97336057-5C6A-41A1-8B33-240A1E62CAC3}"
EndProject
Global
	GlobalSection(SolutionConfigurationPlatforms) = preSolution
		Debug|Any CPU = Debug|Any CPU
		Release|Any CPU = Release|Any CPU
	EndGlobalSection
	GlobalSection(ProjectConfigurationPlatforms) = postSolution
		{97336057-5C6A-41A1-8B33-240A1E62CAC3}.Debug|Any CPU.ActiveCfg = Debug|Any CPU
		{97336057-5C6A-41A1-8B33-240A1E62CAC3}.Debug|Any CPU.Build.0 = Debug|Any CPU
		{97336057-5C6A-41A1-8B33-240A1E62CAC3}.Release|Any CPU.ActiveCfg = Release|Any CPU
		{97336057-5C6A-41A1-8B33-240A1E62CAC3}.Release|Any CPU.Build.0 = Release|Any CPU
	EndGlobalSection
EndGlobal
