
Microsoft Visual Studio Solution File, Format Version 12.00
Project("{FAE04EC0-301F-11D3-BF4B-00C04F79EFBC}") = "WorkWithMethods1", "WorkWithMethods1\WorkWithMethods1.csproj", "{C45EEFF4-8A3B-4C79-98E9-0FC66478AABC}"
EndProject
Global
	GlobalSection(SolutionConfigurationPlatforms) = preSolution
		Debug|Any CPU = Debug|Any CPU
		Release|Any CPU = Release|Any CPU
	EndGlobalSection
	GlobalSection(ProjectConfigurationPlatforms) = postSolution
		{C45EEFF4-8A3B-4C79-98E9-0FC66478AABC}.Debug|Any CPU.ActiveCfg = Debug|Any CPU
		{C45EEFF4-8A3B-4C79-98E9-0FC66478AABC}.Debug|Any CPU.Build.0 = Debug|Any CPU
		{C45EEFF4-8A3B-4C79-98E9-0FC66478AABC}.Release|Any CPU.ActiveCfg = Release|Any CPU
		{C45EEFF4-8A3B-4C79-98E9-0FC66478AABC}.Release|Any CPU.Build.0 = Release|Any CPU
	EndGlobalSection
EndGlobal
