
Microsoft Visual Studio Solution File, Format Version 12.00
Project("{FAE04EC0-301F-11D3-BF4B-00C04F79EFBC}") = "CopyArray", "CopyArray\CopyArray.csproj", "{6CE92A1A-ED3F-4C9E-B9D7-D44806B842CD}"
EndProject
Global
	GlobalSection(SolutionConfigurationPlatforms) = preSolution
		Debug|Any CPU = Debug|Any CPU
		Release|Any CPU = Release|Any CPU
	EndGlobalSection
	GlobalSection(ProjectConfigurationPlatforms) = postSolution
		{6CE92A1A-ED3F-4C9E-B9D7-D44806B842CD}.Debug|Any CPU.ActiveCfg = Debug|Any CPU
		{6CE92A1A-ED3F-4C9E-B9D7-D44806B842CD}.Debug|Any CPU.Build.0 = Debug|Any CPU
		{6CE92A1A-ED3F-4C9E-B9D7-D44806B842CD}.Release|Any CPU.ActiveCfg = Release|Any CPU
		{6CE92A1A-ED3F-4C9E-B9D7-D44806B842CD}.Release|Any CPU.Build.0 = Release|Any CPU
	EndGlobalSection
EndGlobal
